
Microsoft Visual Studio Solution File, Format Version 12.00
# Visual Studio 15
Project("{FAE04EC0-301F-11D3-BF4B-00C04F79EFBC}") = "Assembly-CSharp", "Assembly-CSharp.csproj", "{C191C2C9-02FE-8DDC-D8AF-073163A11B28}"
EndProject
Project("{FAE04EC0-301F-11D3-BF4B-00C04F79EFBC}") = "Assembly-CSharp-Editor", "Assembly-CSharp-Editor.csproj", "{EA3C140D-3DBB-A2AF-36D4-73760F4513A2}"
EndProject
Global
	GlobalSection(SolutionConfigurationPlatforms) = preSolution
		Debug|Any CPU = Debug|Any CPU
		Release|Any CPU = Release|Any CPU
	EndGlobalSection
	GlobalSection(ProjectConfigurationPlatforms) = postSolution
		{C191C2C9-02FE-8DDC-D8AF-073163A11B28}.Debug|Any CPU.ActiveCfg = Debug|Any CPU
		{C191C2C9-02FE-8DDC-D8AF-073163A11B28}.Debug|Any CPU.Build.0 = Debug|Any CPU
		{C191C2C9-02FE-8DDC-D8AF-073163A11B28}.Release|Any CPU.ActiveCfg = Release|Any CPU
		{C191C2C9-02FE-8DDC-D8AF-073163A11B28}.Release|Any CPU.Build.0 = Release|Any CPU
		{EA3C140D-3DBB-A2AF-36D4-73760F4513A2}.Debug|Any CPU.ActiveCfg = Debug|Any CPU
		{EA3C140D-3DBB-A2AF-36D4-73760F4513A2}.Debug|Any CPU.Build.0 = Debug|Any CPU
		{EA3C140D-3DBB-A2AF-36D4-73760F4513A2}.Release|Any CPU.ActiveCfg = Release|Any CPU
		{EA3C140D-3DBB-A2AF-36D4-73760F4513A2}.Release|Any CPU.Build.0 = Release|Any CPU
	EndGlobalSection
	GlobalSection(SolutionProperties) = preSolution
		HideSolutionNode = FALSE
	EndGlobalSection
EndGlobal
